
Microsoft Visual Studio Solution File, Format Version 12.00
# Visual Studio Version 17
VisualStudioVersion = 17.1.32328.378
MinimumVisualStudioVersion = 10.0.40219.1
Project("{FAE04EC0-301F-11D3-BF4B-00C04F79EFBC}") = "Service Bus-Receive", "Service Bus-Receive\Service Bus-Receive.csproj", "{73EBF950-4BD9-40CB-B0B6-41238D66AFC8}"
EndProject
Global
	GlobalSection(SolutionConfigurationPlatforms) = preSolution
		Debug|Any CPU = Debug|Any CPU
		Release|Any CPU = Release|Any CPU
	EndGlobalSection
	GlobalSection(ProjectConfigurationPlatforms) = postSolution
		{73EBF950-4BD9-40CB-B0B6-41238D66AFC8}.Debug|Any CPU.ActiveCfg = Debug|Any CPU
		{73EBF950-4BD9-40CB-B0B6-41238D66AFC8}.Debug|Any CPU.Build.0 = Debug|Any CPU
		{73EBF950-4BD9-40CB-B0B6-41238D66AFC8}.Release|Any CPU.ActiveCfg = Release|Any CPU
		{73EBF950-4BD9-40CB-B0B6-41238D66AFC8}.Release|Any CPU.Build.0 = Release|Any CPU
	EndGlobalSection
	GlobalSection(SolutionProperties) = preSolution
		HideSolutionNode = FALSE
	EndGlobalSection
	GlobalSection(ExtensibilityGlobals) = postSolution
		SolutionGuid = {B992E04F-95F4-4722-8182-FD3CD1466D8F}
	EndGlobalSection
EndGlobal
