
Microsoft Visual Studio Solution File, Format Version 12.00
# Visual Studio Version 17
VisualStudioVersion = 17.2.32516.85
MinimumVisualStudioVersion = 10.0.40219.1
Project("{FAE04EC0-301F-11D3-BF4B-00C04F79EFBC}") = "TableService", "TableService\TableService.csproj", "{BA7255DB-C8A0-405D-8C20-95C6430E63EB}"
EndProject
Global
	GlobalSection(SolutionConfigurationPlatforms) = preSolution
		Debug|Any CPU = Debug|Any CPU
		Release|Any CPU = Release|Any CPU
	EndGlobalSection
	GlobalSection(ProjectConfigurationPlatforms) = postSolution
		{BA7255DB-C8A0-405D-8C20-95C6430E63EB}.Debug|Any CPU.ActiveCfg = Debug|Any CPU
		{BA7255DB-C8A0-405D-8C20-95C6430E63EB}.Debug|Any CPU.Build.0 = Debug|Any CPU
		{BA7255DB-C8A0-405D-8C20-95C6430E63EB}.Release|Any CPU.ActiveCfg = Release|Any CPU
		{BA7255DB-C8A0-405D-8C20-95C6430E63EB}.Release|Any CPU.Build.0 = Release|Any CPU
	EndGlobalSection
	GlobalSection(SolutionProperties) = preSolution
		HideSolutionNode = FALSE
	EndGlobalSection
	GlobalSection(ExtensibilityGlobals) = postSolution
		SolutionGuid = {CDDBE54C-D2FA-4846-94C9-2D9416F50435}
	EndGlobalSection
EndGlobal
