
Microsoft Visual Studio Solution File, Format Version 12.00
# Visual Studio Version 17
VisualStudioVersion = 17.2.32516.85
MinimumVisualStudioVersion = 10.0.40219.1
Project("{FAE04EC0-301F-11D3-BF4B-00C04F79EFBC}") = "StorageQueueFunction", "StorageQueueFunction.csproj", "{8EB447AA-E021-4A4B-A087-D60D7572BC15}"
EndProject
Global
	GlobalSection(SolutionConfigurationPlatforms) = preSolution
		Debug|Any CPU = Debug|Any CPU
		Release|Any CPU = Release|Any CPU
	EndGlobalSection
	GlobalSection(ProjectConfigurationPlatforms) = postSolution
		{8EB447AA-E021-4A4B-A087-D60D7572BC15}.Debug|Any CPU.ActiveCfg = Debug|Any CPU
		{8EB447AA-E021-4A4B-A087-D60D7572BC15}.Debug|Any CPU.Build.0 = Debug|Any CPU
		{8EB447AA-E021-4A4B-A087-D60D7572BC15}.Release|Any CPU.ActiveCfg = Release|Any CPU
		{8EB447AA-E021-4A4B-A087-D60D7572BC15}.Release|Any CPU.Build.0 = Release|Any CPU
	EndGlobalSection
	GlobalSection(SolutionProperties) = preSolution
		HideSolutionNode = FALSE
	EndGlobalSection
	GlobalSection(ExtensibilityGlobals) = postSolution
		SolutionGuid = {B4276182-FF75-4660-9B30-D9EC54208922}
	EndGlobalSection
EndGlobal
