
Microsoft Visual Studio Solution File, Format Version 12.00
# Visual Studio Version 17
VisualStudioVersion = 17.4.33205.214
MinimumVisualStudioVersion = 10.0.40219.1
Project("{FAE04EC0-301F-11D3-BF4B-00C04F79EFBC}") = "DockerTesting", "DockerTesting.csproj", "{4028D1D6-16CB-44F8-A49B-5AF3E6AA1D33}"
EndProject
Global
	GlobalSection(SolutionConfigurationPlatforms) = preSolution
		Debug|Any CPU = Debug|Any CPU
		Release|Any CPU = Release|Any CPU
	EndGlobalSection
	GlobalSection(ProjectConfigurationPlatforms) = postSolution
		{4028D1D6-16CB-44F8-A49B-5AF3E6AA1D33}.Debug|Any CPU.ActiveCfg = Debug|Any CPU
		{4028D1D6-16CB-44F8-A49B-5AF3E6AA1D33}.Debug|Any CPU.Build.0 = Debug|Any CPU
		{4028D1D6-16CB-44F8-A49B-5AF3E6AA1D33}.Release|Any CPU.ActiveCfg = Release|Any CPU
		{4028D1D6-16CB-44F8-A49B-5AF3E6AA1D33}.Release|Any CPU.Build.0 = Release|Any CPU
	EndGlobalSection
	GlobalSection(SolutionProperties) = preSolution
		HideSolutionNode = FALSE
	EndGlobalSection
	GlobalSection(ExtensibilityGlobals) = postSolution
		SolutionGuid = {59010AC3-95AC-485C-BC3F-8B9A160F12F8}
	EndGlobalSection
EndGlobal
